
Microsoft Visual Studio Solution File, Format Version 12.00
# Visual Studio Version 16
VisualStudioVersion = 16.0.31624.102
MinimumVisualStudioVersion = 10.0.40219.1
Project("{FAE04EC0-301F-11D3-BF4B-00C04F79EFBC}") = "Lab_work_2", "Lab_work_2\Lab_work_2.csproj", "{A2619103-5542-461D-8618-9272E73175E6}"
EndProject
Global
	GlobalSection(SolutionConfigurationPlatforms) = preSolution
		Debug|Any CPU = Debug|Any CPU
		Release|Any CPU = Release|Any CPU
	EndGlobalSection
	GlobalSection(ProjectConfigurationPlatforms) = postSolution
		{A2619103-5542-461D-8618-9272E73175E6}.Debug|Any CPU.ActiveCfg = Debug|Any CPU
		{A2619103-5542-461D-8618-9272E73175E6}.Debug|Any CPU.Build.0 = Debug|Any CPU
		{A2619103-5542-461D-8618-9272E73175E6}.Release|Any CPU.ActiveCfg = Release|Any CPU
		{A2619103-5542-461D-8618-9272E73175E6}.Release|Any CPU.Build.0 = Release|Any CPU
	EndGlobalSection
	GlobalSection(SolutionProperties) = preSolution
		HideSolutionNode = FALSE
	EndGlobalSection
	GlobalSection(ExtensibilityGlobals) = postSolution
		SolutionGuid = {F3AE2998-A071-4154-A2AF-15FA9752AAD1}
	EndGlobalSection
EndGlobal
