
Microsoft Visual Studio Solution File, Format Version 12.00
# Visual Studio Version 16
VisualStudioVersion = 16.0.31624.102
MinimumVisualStudioVersion = 10.0.40219.1
Project("{FAE04EC0-301F-11D3-BF4B-00C04F79EFBC}") = "Lab_work_3", "Lab_work_3\Lab_work_3.csproj", "{A6FE57CB-2BEE-4FF9-9638-F147C1997B76}"
EndProject
Global
	GlobalSection(SolutionConfigurationPlatforms) = preSolution
		Debug|Any CPU = Debug|Any CPU
		Release|Any CPU = Release|Any CPU
	EndGlobalSection
	GlobalSection(ProjectConfigurationPlatforms) = postSolution
		{A6FE57CB-2BEE-4FF9-9638-F147C1997B76}.Debug|Any CPU.ActiveCfg = Debug|Any CPU
		{A6FE57CB-2BEE-4FF9-9638-F147C1997B76}.Debug|Any CPU.Build.0 = Debug|Any CPU
		{A6FE57CB-2BEE-4FF9-9638-F147C1997B76}.Release|Any CPU.ActiveCfg = Release|Any CPU
		{A6FE57CB-2BEE-4FF9-9638-F147C1997B76}.Release|Any CPU.Build.0 = Release|Any CPU
	EndGlobalSection
	GlobalSection(SolutionProperties) = preSolution
		HideSolutionNode = FALSE
	EndGlobalSection
	GlobalSection(ExtensibilityGlobals) = postSolution
		SolutionGuid = {BD23F6E2-2FF5-41C6-888A-4AA27B2FCBAE}
	EndGlobalSection
EndGlobal
